Microsoft Visual Studio Solution File, Format Version 11.00
# Visual Studio 2008

Project("{7B0F5D4F-7B20-E9CB-07EB-407EDBDC913E}") = "SPS - Day 3_finished", "Assembly-CSharp.csproj", "{2772F54C-B22F-DCF4-F614-7AAE8F47DB29}"
EndProject
Global
	GlobalSection(SolutionConfigurationPlatforms) = preSolution
		Debug|Any CPU = Debug|Any CPU
		Release|Any CPU = Release|Any CPU
	EndGlobalSection
	GlobalSection(ProjectConfigurationPlatforms) = postSolution
		{2772F54C-B22F-DCF4-F614-7AAE8F47DB29}.Debug|Any CPU.ActiveCfg = Debug|Any CPU
		{2772F54C-B22F-DCF4-F614-7AAE8F47DB29}.Debug|Any CPU.Build.0 = Debug|Any CPU
		{2772F54C-B22F-DCF4-F614-7AAE8F47DB29}.Release|Any CPU.ActiveCfg = Release|Any CPU
		{2772F54C-B22F-DCF4-F614-7AAE8F47DB29}.Release|Any CPU.Build.0 = Release|Any CPU
	EndGlobalSection
	GlobalSection(SolutionProperties) = preSolution
		HideSolutionNode = FALSE
	EndGlobalSection
			GlobalSection(MonoDevelopProperties) = preSolution
		StartupItem = Assembly-CSharp.csproj
		Policies = $0
		$0.TextStylePolicy = $1
		$1.inheritsSet = null
		$1.scope = text/x-csharp
		$0.CSharpFormattingPolicy = $2
		$2.inheritsSet = Mono
		$2.inheritsScope = text/x-csharp
		$2.scope = text/x-csharp
		$0.TextStylePolicy = $3
		$3.FileWidth = 120
		$3.TabWidth = 4
		$3.IndentWidth = 4
		$3.EolMarker = Unix
		$3.inheritsSet = Mono
		$3.inheritsScope = text/plain
		$3.scope = text/plain
	EndGlobalSection

EndGlobal
